
Microsoft Visual Studio Solution File, Format Version 12.00
# Visual Studio Version 16
VisualStudioVersion = 16.0.29509.3
MinimumVisualStudioVersion = 10.0.40219.1
Project("{9A19103F-16F7-4668-BE54-9A1E7A4F7556}") = "LMC.Web", "LMCView\LMC.Web.csproj", "{BE0E3F67-3113-4F70-A282-C87F18940923}"
EndProject
Project("{9A19103F-16F7-4668-BE54-9A1E7A4F7556}") = "LMC.MenuService", "LMCMenuService\LMC.MenuService.csproj", "{4EEB2D16-2847-43A5-8DC3-7C551FA37224}"
EndProject
Project("{2150E333-8FDC-42A3-9474-1A3956D46DE8}") = "1-Web", "1-Web", "{CA019713-5457-409E-A787-9D0A99FEF5AA}"
EndProject
Project("{2150E333-8FDC-42A3-9474-1A3956D46DE8}") = "2-Data", "2-Data", "{9C9D2683-D3A3-4209-A228-D002E3106F4A}"
EndProject
Project("{2150E333-8FDC-42A3-9474-1A3956D46DE8}") = "3-Common", "3-Common", "{4F3E2CF2-A31F-438A-A63D-350526866851}"
EndProject
Project("{9A19103F-16F7-4668-BE54-9A1E7A4F7556}") = "LMC.Common", "LMC.Common\LMC.Common.csproj", "{86E71F24-DB93-44CF-AFCA-12AA47AE69FF}"
EndProject
Project("{FAE04EC0-301F-11D3-BF4B-00C04F79EFBC}") = "LMC.Orders", "LMC.Orders\LMC.Orders.csproj", "{4D9D78C8-BB80-4961-9CC3-16FD1157E814}"
EndProject
Project("{2150E333-8FDC-42A3-9474-1A3956D46DE8}") = "4-Tests", "4-Tests", "{13C91F8C-AAC0-4E1D-BCC4-77BAE1F27FEE}"
EndProject
Project("{FAE04EC0-301F-11D3-BF4B-00C04F79EFBC}") = "LMC.Common.Tests", "LMC.Common.Tests\LMC.Common.Tests.csproj", "{3DFDEB81-7AEF-468C-9F10-1C4B468D168D}"
EndProject
Project("{FAE04EC0-301F-11D3-BF4B-00C04F79EFBC}") = "LMC.Deals.Tests", "LMC.Deals.Tests\LMC.Deals.Tests.csproj", "{01091078-9890-4F68-9E5B-E7FD015F4229}"
EndProject
Global
	GlobalSection(SolutionConfigurationPlatforms) = preSolution
		Debug|Any CPU = Debug|Any CPU
		Release|Any CPU = Release|Any CPU
	EndGlobalSection
	GlobalSection(ProjectConfigurationPlatforms) = postSolution
		{BE0E3F67-3113-4F70-A282-C87F18940923}.Debug|Any CPU.ActiveCfg = Debug|Any CPU
		{BE0E3F67-3113-4F70-A282-C87F18940923}.Debug|Any CPU.Build.0 = Debug|Any CPU
		{BE0E3F67-3113-4F70-A282-C87F18940923}.Release|Any CPU.ActiveCfg = Release|Any CPU
		{BE0E3F67-3113-4F70-A282-C87F18940923}.Release|Any CPU.Build.0 = Release|Any CPU
		{4EEB2D16-2847-43A5-8DC3-7C551FA37224}.Debug|Any CPU.ActiveCfg = Debug|Any CPU
		{4EEB2D16-2847-43A5-8DC3-7C551FA37224}.Debug|Any CPU.Build.0 = Debug|Any CPU
		{4EEB2D16-2847-43A5-8DC3-7C551FA37224}.Release|Any CPU.ActiveCfg = Release|Any CPU
		{4EEB2D16-2847-43A5-8DC3-7C551FA37224}.Release|Any CPU.Build.0 = Release|Any CPU
		{86E71F24-DB93-44CF-AFCA-12AA47AE69FF}.Debug|Any CPU.ActiveCfg = Debug|Any CPU
		{86E71F24-DB93-44CF-AFCA-12AA47AE69FF}.Debug|Any CPU.Build.0 = Debug|Any CPU
		{86E71F24-DB93-44CF-AFCA-12AA47AE69FF}.Release|Any CPU.ActiveCfg = Release|Any CPU
		{86E71F24-DB93-44CF-AFCA-12AA47AE69FF}.Release|Any CPU.Build.0 = Release|Any CPU
		{4D9D78C8-BB80-4961-9CC3-16FD1157E814}.Debug|Any CPU.ActiveCfg = Debug|Any CPU
		{4D9D78C8-BB80-4961-9CC3-16FD1157E814}.Debug|Any CPU.Build.0 = Debug|Any CPU
		{4D9D78C8-BB80-4961-9CC3-16FD1157E814}.Release|Any CPU.ActiveCfg = Release|Any CPU
		{4D9D78C8-BB80-4961-9CC3-16FD1157E814}.Release|Any CPU.Build.0 = Release|Any CPU
		{3DFDEB81-7AEF-468C-9F10-1C4B468D168D}.Debug|Any CPU.ActiveCfg = Debug|Any CPU
		{3DFDEB81-7AEF-468C-9F10-1C4B468D168D}.Debug|Any CPU.Build.0 = Debug|Any CPU
		{3DFDEB81-7AEF-468C-9F10-1C4B468D168D}.Release|Any CPU.ActiveCfg = Release|Any CPU
		{3DFDEB81-7AEF-468C-9F10-1C4B468D168D}.Release|Any CPU.Build.0 = Release|Any CPU
		{01091078-9890-4F68-9E5B-E7FD015F4229}.Debug|Any CPU.ActiveCfg = Debug|Any CPU
		{01091078-9890-4F68-9E5B-E7FD015F4229}.Debug|Any CPU.Build.0 = Debug|Any CPU
		{01091078-9890-4F68-9E5B-E7FD015F4229}.Release|Any CPU.ActiveCfg = Release|Any CPU
		{01091078-9890-4F68-9E5B-E7FD015F4229}.Release|Any CPU.Build.0 = Release|Any CPU
	EndGlobalSection
	GlobalSection(SolutionProperties) = preSolution
		HideSolutionNode = FALSE
	EndGlobalSection
	GlobalSection(NestedProjects) = preSolution
		{BE0E3F67-3113-4F70-A282-C87F18940923} = {CA019713-5457-409E-A787-9D0A99FEF5AA}
		{4EEB2D16-2847-43A5-8DC3-7C551FA37224} = {9C9D2683-D3A3-4209-A228-D002E3106F4A}
		{86E71F24-DB93-44CF-AFCA-12AA47AE69FF} = {4F3E2CF2-A31F-438A-A63D-350526866851}
		{4D9D78C8-BB80-4961-9CC3-16FD1157E814} = {9C9D2683-D3A3-4209-A228-D002E3106F4A}
		{3DFDEB81-7AEF-468C-9F10-1C4B468D168D} = {13C91F8C-AAC0-4E1D-BCC4-77BAE1F27FEE}
		{01091078-9890-4F68-9E5B-E7FD015F4229} = {13C91F8C-AAC0-4E1D-BCC4-77BAE1F27FEE}
	EndGlobalSection
	GlobalSection(ExtensibilityGlobals) = postSolution
		SolutionGuid = {34D1BE4E-D770-4A8E-A926-0FB2BE54942E}
	EndGlobalSection
EndGlobal
